schema: '2.0'
stages:
  download:
    cmd: python src/download.py
    deps:
    - path: src/download.py
      hash: md5
      md5: 718d6b83fab3b0aab8e0222873bd83cc
      size: 947
    outs:
    - path: data/raw
      hash: md5
      md5: 2a731301a92ba046a593da6b3f63c270.dir
      size: 1182303
      nfiles: 1
  prepare:
    cmd: python src/prepare.py
    deps:
    - path: data/raw/ames.csv
      hash: md5
      md5: 3e1d75aff160ee903e05e2cf1a883777
      size: 1182303
    - path: src/prepare.py
      hash: md5
      md5: 9ccf3585aec7bebbcda79e01f2229267
      size: 6302
    outs:
    - path: data/processed/ames_with_correct_types.pkl
      hash: md5
      md5: 30fea9fb77cf6a63a8afd574bb470274
      size: 945364
  clean:
    cmd: python src/clean.py
    deps:
    - path: data/processed/ames_with_correct_types.pkl
      hash: md5
      md5: 30fea9fb77cf6a63a8afd574bb470274
      size: 945364
    - path: src/clean.py
      hash: md5
      md5: c7de4c3e99013fc47ee6404c8b1bd324
      size: 9141
    outs:
    - path: data/processed/ames_clean.pkl
      hash: md5
      md5: c1f1528c7474d1c68644c1e36e86d0d2
      size: 918677
